// !$*UTF8*$!
{
	archiveVersion = 1;
	classes = {
	};
	objectVersion = 51;
	objects = {

/* Begin PBXBuildFile section */
		2466C077CF3D43689D1E63D0 /* Pods_DontTrack.framework in Frameworks */ = {isa = PBXBuildFile; fileRef = E8CA58D3D4D1ED167F901151 /* Pods_DontTrack.framework */; };
		F01C0233253E82D100A0CFF5 /* style.json in Resources */ = {isa = PBXBuildFile; fileRef = F01C0232253E82D100A0CFF5 /* style.json */; };
		F04D7E78252C9159002C0322 /* User.swift in Sources */ = {isa = PBXBuildFile; fileRef = F04D7E77252C9159002C0322 /* User.swift */; };
		F04D7E7B252C9237002C0322 /* AuthViewController.swift in Sources */ = {isa = PBXBuildFile; fileRef = F04D7E7A252C9237002C0322 /* AuthViewController.swift */; };
		F04D7EEB2535C7E9002C0322 /* LocationManager.swift in Sources */ = {isa = PBXBuildFile; fileRef = F04D7EEA2535C7E8002C0322 /* LocationManager.swift */; };
		F08C9860251E49A200CFC170 /* AppDelegate.swift in Sources */ = {isa = PBXBuildFile; fileRef = F08C985F251E49A200CFC170 /* AppDelegate.swift */; };
		F08C9862251E49A200CFC170 /* SceneDelegate.swift in Sources */ = {isa = PBXBuildFile; fileRef = F08C9861251E49A200CFC170 /* SceneDelegate.swift */; };
		F08C9864251E49A200CFC170 /* ViewController.swift in Sources */ = {isa = PBXBuildFile; fileRef = F08C9863251E49A200CFC170 /* ViewController.swift */; };
		F08C9867251E49A200CFC170 /* Main.storyboard in Resources */ = {isa = PBXBuildFile; fileRef = F08C9865251E49A200CFC170 /* Main.storyboard */; };
		F08C9869251E49A400CFC170 /* Assets.xcassets in Resources */ = {isa = PBXBuildFile; fileRef = F08C9868251E49A400CFC170 /* Assets.xcassets */; };
		F08C986C251E49A400CFC170 /* LaunchScreen.storyboard in Resources */ = {isa = PBXBuildFile; fileRef = F08C986A251E49A400CFC170 /* LaunchScreen.storyboard */; };
		F0923A3F2526C96A005E1E64 /* PathEntity.swift in Sources */ = {isa = PBXBuildFile; fileRef = F0923A3E2526C96A005E1E64 /* PathEntity.swift */; };
/* End PBXBuildFile section */

/* Begin PBXFileReference section */
		2D46D789F3D774595F579F6E /* Pods-testMaps.debug.xcconfig */ = {isa = PBXFileReference; includeInIndex = 1; lastKnownFileType = text.xcconfig; name = "Pods-testMaps.debug.xcconfig"; path = "Target Support Files/Pods-testMaps/Pods-testMaps.debug.xcconfig"; sourceTree = "<group>"; };
		60949A8BF59202A10F00F509 /* Pods-DontTrack.debug.xcconfig */ = {isa = PBXFileReference; includeInIndex = 1; lastKnownFileType = text.xcconfig; name = "Pods-DontTrack.debug.xcconfig"; path = "Target Support Files/Pods-DontTrack/Pods-DontTrack.debug.xcconfig"; sourceTree = "<group>"; };
		A96A68B04E00EDB94B403054 /* Pods-DontTrack.release.xcconfig */ = {isa = PBXFileReference; includeInIndex = 1; lastKnownFileType = text.xcconfig; name = "Pods-DontTrack.release.xcconfig"; path = "Target Support Files/Pods-DontTrack/Pods-DontTrack.release.xcconfig"; sourceTree = "<group>"; };
		D2C242C1F4B1A3A9A7885612 /* Pods-testMaps.release.xcconfig */ = {isa = PBXFileReference; includeInIndex = 1; lastKnownFileType = text.xcconfig; name = "Pods-testMaps.release.xcconfig"; path = "Target Support Files/Pods-testMaps/Pods-testMaps.release.xcconfig"; sourceTree = "<group>"; };
		E8CA58D3D4D1ED167F901151 /* Pods_DontTrack.framework */ = {isa = PBXFileReference; explicitFileType = wrapper.framework; includeInIndex = 0; path = Pods_DontTrack.framework; sourceTree = BUILT_PRODUCTS_DIR; };
		F01C0232253E82D100A0CFF5 /* style.json */ = {isa = PBXFileReference; lastKnownFileType = text.json; path = style.json; sourceTree = "<group>"; };
		F04D7E77252C9159002C0322 /* User.swift */ = {isa = PBXFileReference; lastKnownFileType = sourcecode.swift; path = User.swift; sourceTree = "<group>"; };
		F04D7E7A252C9237002C0322 /* AuthViewController.swift */ = {isa = PBXFileReference; lastKnownFileType = sourcecode.swift; path = AuthViewController.swift; sourceTree = "<group>"; };
		F04D7EEA2535C7E8002C0322 /* LocationManager.swift */ = {isa = PBXFileReference; lastKnownFileType = sourcecode.swift; path = LocationManager.swift; sourceTree = "<group>"; };
		F08C985C251E49A200CFC170 /* DontTrack.app */ = {isa = PBXFileReference; explicitFileType = wrapper.application; includeInIndex = 0; path = DontTrack.app; sourceTree = BUILT_PRODUCTS_DIR; };
		F08C985F251E49A200CFC170 /* AppDelegate.swift */ = {isa = PBXFileReference; lastKnownFileType = sourcecode.swift; path = AppDelegate.swift; sourceTree = "<group>"; };
		F08C9861251E49A200CFC170 /* SceneDelegate.swift */ = {isa = PBXFileReference; lastKnownFileType = sourcecode.swift; path = SceneDelegate.swift; sourceTree = "<group>"; };
		F08C9863251E49A200CFC170 /* ViewController.swift */ = {isa = PBXFileReference; lastKnownFileType = sourcecode.swift; path = ViewController.swift; sourceTree = "<group>"; };
		F08C9866251E49A200CFC170 /* Base */ = {isa = PBXFileReference; lastKnownFileType = file.storyboard; name = Base; path = Base.lproj/Main.storyboard; sourceTree = "<group>"; };
		F08C9868251E49A400CFC170 /* Assets.xcassets */ = {isa = PBXFileReference; lastKnownFileType = folder.assetcatalog; path = Assets.xcassets; sourceTree = "<group>"; };
		F08C986B251E49A400CFC170 /* Base */ = {isa = PBXFileReference; lastKnownFileType = file.storyboard; name = Base; path = Base.lproj/LaunchScreen.storyboard; sourceTree = "<group>"; };
		F08C986D251E49A400CFC170 /* Info.plist */ = {isa = PBXFileReference; lastKnownFileType = text.plist.xml; path = Info.plist; sourceTree = "<group>"; };
		F0923A3E2526C96A005E1E64 /* PathEntity.swift */ = {isa = PBXFileReference; lastKnownFileType = sourcecode.swift; path = PathEntity.swift; sourceTree = "<group>"; };
/* End PBXFileReference section */

/* Begin PBXFrameworksBuildPhase section */
		F08C9859251E49A200CFC170 /* Frameworks */ = {
			isa = PBXFrameworksBuildPhase;
			buildActionMask = 2147483647;
			files = (
				2466C077CF3D43689D1E63D0 /* Pods_DontTrack.framework in Frameworks */,
			);
			runOnlyForDeploymentPostprocessing = 0;
		};
/* End PBXFrameworksBuildPhase section */

/* Begin PBXGroup section */
		D5C0B5CC7DBD673FB03C42E4 /* Frameworks */ = {
			isa = PBXGroup;
			children = (
				E8CA58D3D4D1ED167F901151 /* Pods_DontTrack.framework */,
			);
			name = Frameworks;
			sourceTree = "<group>";
		};
		F08C9853251E49A200CFC170 = {
			isa = PBXGroup;
			children = (
				F08C985E251E49A200CFC170 /* DontTrack */,
				F08C985D251E49A200CFC170 /* Products */,
				F444384B770CD05C14BB7519 /* Pods */,
				D5C0B5CC7DBD673FB03C42E4 /* Frameworks */,
			);
			sourceTree = "<group>";
		};
		F08C985D251E49A200CFC170 /* Products */ = {
			isa = PBXGroup;
			children = (
				F08C985C251E49A200CFC170 /* DontTrack.app */,
			);
			name = Products;
			sourceTree = "<group>";
		};
		F08C985E251E49A200CFC170 /* DontTrack */ = {
			isa = PBXGroup;
			children = (
				F08C985F251E49A200CFC170 /* AppDelegate.swift */,
				F08C9861251E49A200CFC170 /* SceneDelegate.swift */,
				F08C9863251E49A200CFC170 /* ViewController.swift */,
				F0923A3E2526C96A005E1E64 /* PathEntity.swift */,
				F04D7E77252C9159002C0322 /* User.swift */,
				F01C0232253E82D100A0CFF5 /* style.json */,
				F04D7E7A252C9237002C0322 /* AuthViewController.swift */,
				F04D7EEA2535C7E8002C0322 /* LocationManager.swift */,
				F08C9865251E49A200CFC170 /* Main.storyboard */,
				F08C9868251E49A400CFC170 /* Assets.xcassets */,
				F08C986A251E49A400CFC170 /* LaunchScreen.storyboard */,
				F08C986D251E49A400CFC170 /* Info.plist */,
			);
			path = DontTrack;
			sourceTree = "<group>";
		};
		F444384B770CD05C14BB7519 /* Pods */ = {
			isa = PBXGroup;
			children = (
				2D46D789F3D774595F579F6E /* Pods-testMaps.debug.xcconfig */,
				D2C242C1F4B1A3A9A7885612 /* Pods-testMaps.release.xcconfig */,
				60949A8BF59202A10F00F509 /* Pods-DontTrack.debug.xcconfig */,
				A96A68B04E00EDB94B403054 /* Pods-DontTrack.release.xcconfig */,
			);
			path = Pods;
			sourceTree = "<group>";
		};
/* End PBXGroup section */

/* Begin PBXNativeTarget section */
		F08C985B251E49A200CFC170 /* DontTrack */ = {
			isa = PBXNativeTarget;
			buildConfigurationList = F08C9870251E49A400CFC170 /* Build configuration list for PBXNativeTarget "DontTrack" */;
			buildPhases = (
				2719E4C39D0E9C8365898FA7 /* [CP] Check Pods Manifest.lock */,
				F08C9858251E49A200CFC170 /* Sources */,
				F08C9859251E49A200CFC170 /* Frameworks */,
				F08C985A251E49A200CFC170 /* Resources */,
				A6E7655A3F5F01241A6258EC /* [CP] Copy Pods Resources */,
				40D6F3F4184E15E05EFEA6B2 /* [CP] Embed Pods Frameworks */,
			);
			buildRules = (
			);
			dependencies = (
			);
			name = DontTrack;
			productName = testMaps;
			productReference = F08C985C251E49A200CFC170 /* DontTrack.app */;
			productType = "com.apple.product-type.application";
		};
/* End PBXNativeTarget section */

/* Begin PBXProject section */
		F08C9854251E49A200CFC170 /* Project object */ = {
			isa = PBXProject;
			attributes = {
				LastSwiftUpdateCheck = 1220;
				LastUpgradeCheck = 1220;
				TargetAttributes = {
					F08C985B251E49A200CFC170 = {
						CreatedOnToolsVersion = 12.2;
					};
				};
			};
			buildConfigurationList = F08C9857251E49A200CFC170 /* Build configuration list for PBXProject "DontTrack" */;
			compatibilityVersion = "Xcode 9.3";
			developmentRegion = en;
			hasScannedForEncodings = 0;
			knownRegions = (
				en,
				Base,
			);
			mainGroup = F08C9853251E49A200CFC170;
			productRefGroup = F08C985D251E49A200CFC170 /* Products */;
			projectDirPath = "";
			projectRoot = "";
			targets = (
				F08C985B251E49A200CFC170 /* DontTrack */,
			);
		};
/* End PBXProject section */

/* Begin PBXResourcesBuildPhase section */
		F08C985A251E49A200CFC170 /* Resources */ = {
			isa = PBXResourcesBuildPhase;
			buildActionMask = 2147483647;
			files = (
				F08C986C251E49A400CFC170 /* LaunchScreen.storyboard in Resources */,
				F08C9869251E49A400CFC170 /* Assets.xcassets in Resources */,
				F08C9867251E49A200CFC170 /* Main.storyboard in Resources */,
				F01C0233253E82D100A0CFF5 /* style.json in Resources */,
			);
			runOnlyForDeploymentPostprocessing = 0;
		};
/* End PBXResourcesBuildPhase section */

/* Begin PBXShellScriptBuildPhase section */
		2719E4C39D0E9C8365898FA7 /* [CP] Check Pods Manifest.lock */ = {
			isa = PBXShellScriptBuildPhase;
			buildActionMask = 2147483647;
			files = (
			);
			inputFileListPaths = (
			);
			inputPaths = (
				"${PODS_PODFILE_DIR_PATH}/Podfile.lock",
				"${PODS_ROOT}/Manifest.lock",
			);
			name = "[CP] Check Pods Manifest.lock";
			outputFileListPaths = (
			);
			outputPaths = (
				"$(DERIVED_FILE_DIR)/Pods-DontTrack-checkManifestLockResult.txt",
			);
			runOnlyForDeploymentPostprocessing = 0;
			shellPath = /bin/sh;
			shellScript = "diff \"${PODS_PODFILE_DIR_PATH}/Podfile.lock\" \"${PODS_ROOT}/Manifest.lock\" > /dev/null\nif [ $? != 0 ] ; then\n    # print error to STDERR\n    echo \"error: The sandbox is not in sync with the Podfile.lock. Run 'pod install' or update your CocoaPods installation.\" >&2\n    exit 1\nfi\n# This output is used by Xcode 'outputs' to avoid re-running this script phase.\necho \"SUCCESS\" > \"${SCRIPT_OUTPUT_FILE_0}\"\n";
			showEnvVarsInLog = 0;
		};
		40D6F3F4184E15E05EFEA6B2 /* [CP] Embed Pods Frameworks */ = {
			isa = PBXShellScriptBuildPhase;
			buildActionMask = 2147483647;
			files = (
			);
			inputFileListPaths = (
				"${PODS_ROOT}/Target Support Files/Pods-DontTrack/Pods-DontTrack-frameworks-${CONFIGURATION}-input-files.xcfilelist",
			);
			name = "[CP] Embed Pods Frameworks";
			outputFileListPaths = (
				"${PODS_ROOT}/Target Support Files/Pods-DontTrack/Pods-DontTrack-frameworks-${CONFIGURATION}-output-files.xcfilelist",
			);
			runOnlyForDeploymentPostprocessing = 0;
			shellPath = /bin/sh;
			shellScript = "\"${PODS_ROOT}/Target Support Files/Pods-DontTrack/Pods-DontTrack-frameworks.sh\"\n";
			showEnvVarsInLog = 0;
		};
		A6E7655A3F5F01241A6258EC /* [CP] Copy Pods Resources */ = {
			isa = PBXShellScriptBuildPhase;
			buildActionMask = 2147483647;
			files = (
			);
			inputFileListPaths = (
				"${PODS_ROOT}/Target Support Files/Pods-DontTrack/Pods-DontTrack-resources-${CONFIGURATION}-input-files.xcfilelist",
			);
			name = "[CP] Copy Pods Resources";
			outputFileListPaths = (
				"${PODS_ROOT}/Target Support Files/Pods-DontTrack/Pods-DontTrack-resources-${CONFIGURATION}-output-files.xcfilelist",
			);
			runOnlyForDeploymentPostprocessing = 0;
			shellPath = /bin/sh;
			shellScript = "\"${PODS_ROOT}/Target Support Files/Pods-DontTrack/Pods-DontTrack-resources.sh\"\n";
			showEnvVarsInLog = 0;
		};
/* End PBXShellScriptBuildPhase section */

/* Begin PBXSourcesBuildPhase section */
		F08C9858251E49A200CFC170 /* Sources */ = {
			isa = PBXSourcesBuildPhase;
			buildActionMask = 2147483647;
			files = (
				F08C9864251E49A200CFC170 /* ViewController.swift in Sources */,
				F0923A3F2526C96A005E1E64 /* PathEntity.swift in Sources */,
				F08C9860251E49A200CFC170 /* AppDelegate.swift in Sources */,
				F04D7EEB2535C7E9002C0322 /* LocationManager.swift in Sources */,
				F04D7E78252C9159002C0322 /* User.swift in Sources */,
				F04D7E7B252C9237002C0322 /* AuthViewController.swift in Sources */,
				F08C9862251E49A200CFC170 /* SceneDelegate.swift in Sources */,
			);
			runOnlyForDeploymentPostprocessing = 0;
		};
/* End PBXSourcesBuildPhase section */

/* Begin PBXVariantGroup section */
		F08C9865251E49A200CFC170 /* Main.storyboard */ = {
			isa = PBXVariantGroup;
			children = (
				F08C9866251E49A200CFC170 /* Base */,
			);
			name = Main.storyboard;
			sourceTree = "<group>";
		};
		F08C986A251E49A400CFC170 /* LaunchScreen.storyboard */ = {
			isa = PBXVariantGroup;
			children = (
				F08C986B251E49A400CFC170 /* Base */,
			);
			name = LaunchScreen.storyboard;
			sourceTree = "<group>";
		};
/* End PBXVariantGroup section */

/* Begin XCBuildConfiguration section */
		F08C986E251E49A400CFC170 /* Debug */ = {
			isa = XCBuildConfiguration;
			buildSettings = {
				ALWAYS_SEARCH_USER_PATHS = NO;
				CLANG_ANALYZER_NONNULL = YES;
				CLANG_ANALYZER_NUMBER_OBJECT_CONVERSION = YES_AGGRESSIVE;
				CLANG_CXX_LANGUAGE_STANDARD = "gnu++14";
				CLANG_CXX_LIBRARY = "libc++";
				CLANG_ENABLE_MODULES = YES;
				CLANG_ENABLE_OBJC_ARC = YES;
				CLANG_ENABLE_OBJC_WEAK = YES;
				CLANG_WARN_BLOCK_CAPTURE_AUTORELEASING = YES;
				CLANG_WARN_BOOL_CONVERSION = YES;
				CLANG_WARN_COMMA = YES;
				CLANG_WARN_CONSTANT_CONVERSION = YES;
				CLANG_WARN_DEPRECATED_OBJC_IMPLEMENTATIONS = YES;
				CLANG_WARN_DIRECT_OBJC_ISA_USAGE = YES_ERROR;
				CLANG_WARN_DOCUMENTATION_COMMENTS = YES;
				CLANG_WARN_EMPTY_BODY = YES;
				CLANG_WARN_ENUM_CONVERSION = YES;
				CLANG_WARN_INFINITE_RECURSION = YES;
				CLANG_WARN_INT_CONVERSION = YES;
				CLANG_WARN_NON_LITERAL_NULL_CONVERSION = YES;
				CLANG_WARN_OBJC_IMPLICIT_RETAIN_SELF = YES;
				CLANG_WARN_OBJC_LITERAL_CONVERSION = YES;
				CLANG_WARN_OBJC_ROOT_CLASS = YES_ERROR;
				CLANG_WARN_QUOTED_INCLUDE_IN_FRAMEWORK_HEADER = YES;
				CLANG_WARN_RANGE_LOOP_ANALYSIS = YES;
				CLANG_WARN_STRICT_PROTOTYPES = YES;
				CLANG_WARN_SUSPICIOUS_MOVE = YES;
				CLANG_WARN_UNGUARDED_AVAILABILITY = YES_AGGRESSIVE;
				CLANG_WARN_UNREACHABLE_CODE = YES;
				CLANG_WARN__DUPLICATE_METHOD_MATCH = YES;
				COPY_PHASE_STRIP = NO;
				DEBUG_INFORMATION_FORMAT = dwarf;
				ENABLE_STRICT_OBJC_MSGSEND = YES;
				ENABLE_TESTABILITY = YES;
				GCC_C_LANGUAGE_STANDARD = gnu11;
				GCC_DYNAMIC_NO_PIC = NO;
				GCC_NO_COMMON_BLOCKS = YES;
				GCC_OPTIMIZATION_LEVEL = 0;
				GCC_PREPROCESSOR_DEFINITIONS = (
					"DEBUG=1",
					"$(inherited)",
				);
				GCC_WARN_64_TO_32_BIT_CONVERSION = YES;
				GCC_WARN_ABOUT_RETURN_TYPE = YES_ERROR;
				GCC_WARN_UNDECLARED_SELECTOR = YES;
				GCC_WARN_UNINITIALIZED_AUTOS = YES_AGGRESSIVE;
				GCC_WARN_UNUSED_FUNCTION = YES;
				GCC_WARN_UNUSED_VARIABLE = YES;
				IPHONEOS_DEPLOYMENT_TARGET = 14.2;
				MTL_ENABLE_DEBUG_INFO = INCLUDE_SOURCE;
				MTL_FAST_MATH = YES;
				ONLY_ACTIVE_ARCH = YES;
				SDKROOT = iphoneos;
				SWIFT_ACTIVE_COMPILATION_CONDITIONS = DEBUG;
				SWIFT_OPTIMIZATION_LEVEL = "-Onone";
			};
			name = Debug;
		};
		F08C986F251E49A400CFC170 /* Release */ = {
			isa = XCBuildConfiguration;
			buildSettings = {
				ALWAYS_SEARCH_USER_PATHS = NO;
				CLANG_ANALYZER_NONNULL = YES;
				CLANG_ANALYZER_NUMBER_OBJECT_CONVERSION = YES_AGGRESSIVE;
				CLANG_CXX_LANGUAGE_STANDARD = "gnu++14";
				CLANG_CXX_LIBRARY = "libc++";
				CLANG_ENABLE_MODULES = YES;
				CLANG_ENABLE_OBJC_ARC = YES;
				CLANG_ENABLE_OBJC_WEAK = YES;
				CLANG_WARN_BLOCK_CAPTURE_AUTORELEASING = YES;
				CLANG_WARN_BOOL_CONVERSION = YES;
				CLANG_WARN_COMMA = YES;
				CLANG_WARN_CONSTANT_CONVERSION = YES;
				CLANG_WARN_DEPRECATED_OBJC_IMPLEMENTATIONS = YES;
				CLANG_WARN_DIRECT_OBJC_ISA_USAGE = YES_ERROR;
				CLANG_WARN_DOCUMENTATION_COMMENTS = YES;
				CLANG_WARN_EMPTY_BODY = YES;
				CLANG_WARN_ENUM_CONVERSION = YES;
				CLANG_WARN_INFINITE_RECURSION = YES;
				CLANG_WARN_INT_CONVERSION = YES;
				CLANG_WARN_NON_LITERAL_NULL_CONVERSION = YES;
				CLANG_WARN_OBJC_IMPLICIT_RETAIN_SELF = YES;
				CLANG_WARN_OBJC_LITERAL_CONVERSION = YES;
				CLANG_WARN_OBJC_ROOT_CLASS = YES_ERROR;
				CLANG_WARN_QUOTED_INCLUDE_IN_FRAMEWORK_HEADER = YES;
				CLANG_WARN_RANGE_LOOP_ANALYSIS = YES;
				CLANG_WARN_STRICT_PROTOTYPES = YES;
				CLANG_WARN_SUSPICIOUS_MOVE = YES;
				CLANG_WARN_UNGUARDED_AVAILABILITY = YES_AGGRESSIVE;
				CLANG_WARN_UNREACHABLE_CODE = YES;
				CLANG_WARN__DUPLICATE_METHOD_MATCH = YES;
				COPY_PHASE_STRIP = NO;
				DEBUG_INFORMATION_FORMAT = "dwarf-with-dsym";
				ENABLE_NS_ASSERTIONS = NO;
				ENABLE_STRICT_OBJC_MSGSEND = YES;
				GCC_C_LANGUAGE_STANDARD = gnu11;
				GCC_NO_COMMON_BLOCKS = YES;
				GCC_WARN_64_TO_32_BIT_CONVERSION = YES;
				GCC_WARN_ABOUT_RETURN_TYPE = YES_ERROR;
				GCC_WARN_UNDECLARED_SELECTOR = YES;
				GCC_WARN_UNINITIALIZED_AUTOS = YES_AGGRESSIVE;
				GCC_WARN_UNUSED_FUNCTION = YES;
				GCC_WARN_UNUSED_VARIABLE = YES;
				IPHONEOS_DEPLOYMENT_TARGET = 14.2;
				MTL_ENABLE_DEBUG_INFO = NO;
				MTL_FAST_MATH = YES;
				SDKROOT = iphoneos;
				SWIFT_COMPILATION_MODE = wholemodule;
				SWIFT_OPTIMIZATION_LEVEL = "-O";
				VALIDATE_PRODUCT = YES;
			};
			name = Release;
		};
		F08C9871251E49A400CFC170 /* Debug */ = {
			isa = XCBuildConfiguration;
			baseConfigurationReference = 60949A8BF59202A10F00F509 /* Pods-DontTrack.debug.xcconfig */;
			buildSettings = {
				ASSETCATALOG_COMPILER_APPICON_NAME = AppIcon;
				ASSETCATALOG_COMPILER_GLOBAL_ACCENT_COLOR_NAME = AccentColor;
				CODE_SIGN_STYLE = Automatic;
				DEVELOPMENT_TEAM = WFX45C65T9;
				INFOPLIST_FILE = DontTrack/Info.plist;
				IPHONEOS_DEPLOYMENT_TARGET = 14.0;
				LD_RUNPATH_SEARCH_PATHS = (
					"$(inherited)",
					"@executable_path/Frameworks",
				);
				PRODUCT_BUNDLE_IDENTIFIER = KL.testMaps;
				PRODUCT_NAME = "$(TARGET_NAME)";
				SWIFT_VERSION = 5.0;
				TARGETED_DEVICE_FAMILY = "1,2";
			};
			name = Debug;
		};
		F08C9872251E49A400CFC170 /* Release */ = {
			isa = XCBuildConfiguration;
			baseConfigurationReference = A96A68B04E00EDB94B403054 /* Pods-DontTrack.release.xcconfig */;
			buildSettings = {
				ASSETCATALOG_COMPILER_APPICON_NAME = AppIcon;
				ASSETCATALOG_COMPILER_GLOBAL_ACCENT_COLOR_NAME = AccentColor;
				CODE_SIGN_STYLE = Automatic;
				DEVELOPMENT_TEAM = WFX45C65T9;
				INFOPLIST_FILE = DontTrack/Info.plist;
				IPHONEOS_DEPLOYMENT_TARGET = 14.0;
				LD_RUNPATH_SEARCH_PATHS = (
					"$(inherited)",
					"@executable_path/Frameworks",
				);
				PRODUCT_BUNDLE_IDENTIFIER = KL.testMaps;
				PRODUCT_NAME = "$(TARGET_NAME)";
				SWIFT_VERSION = 5.0;
				TARGETED_DEVICE_FAMILY = "1,2";
			};
			name = Release;
		};
/* End XCBuildConfiguration section */

/* Begin XCConfigurationList section */
		F08C9857251E49A200CFC170 /* Build configuration list for PBXProject "DontTrack" */ = {
			isa = XCConfigurationList;
			buildConfigurations = (
				F08C986E251E49A400CFC170 /* Debug */,
				F08C986F251E49A400CFC170 /* Release */,
			);
			defaultConfigurationIsVisible = 0;
			defaultConfigurationName = Release;
		};
		F08C9870251E49A400CFC170 /* Build configuration list for PBXNativeTarget "DontTrack" */ = {
			isa = XCConfigurationList;
			buildConfigurations = (
				F08C9871251E49A400CFC170 /* Debug */,
				F08C9872251E49A400CFC170 /* Release */,
			);
			defaultConfigurationIsVisible = 0;
			defaultConfigurationName = Release;
		};
/* End XCConfigurationList section */
	};
	rootObject = F08C9854251E49A200CFC170 /* Project object */;
}
