PODS:
  - GoogleMaps (3.10.0):
    - GoogleMaps/Maps (= 3.10.0)
  - GoogleMaps/Base (3.10.0)
  - GoogleMaps/Maps (3.10.0):
    - GoogleMaps/Base

DEPENDENCIES:
  - GoogleMaps

SPEC REPOS:
  trunk:
    - GoogleMaps

SPEC CHECKSUMS:
  GoogleMaps: 8c080862ff2748ece9929471b30feb56a6c5079d

PODFILE CHECKSUM: fbc762e62c5d4446fcd1e97d51728a6b71813b16

COCOAPODS: 1.10.0.rc.1
